
Microsoft Visual Studio Solution File, Format Version 12.00
# Visual Studio Version 17
VisualStudioVersion = 17.11.35327.3
MinimumVisualStudioVersion = 10.0.40219.1
Project("{FAE04EC0-301F-11D3-BF4B-00C04F79EFBC}") = "Exercícios", "Exercícios\Exercícios.csproj", "{0FD6DC6D-A337-4601-B3A9-C6D9D3076AC2}"
EndProject
Global
	GlobalSection(SolutionConfigurationPlatforms) = preSolution
		Debug|Any CPU = Debug|Any CPU
		Release|Any CPU = Release|Any CPU
	EndGlobalSection
	GlobalSection(ProjectConfigurationPlatforms) = postSolution
		{0FD6DC6D-A337-4601-B3A9-C6D9D3076AC2}.Debug|Any CPU.ActiveCfg = Debug|Any CPU
		{0FD6DC6D-A337-4601-B3A9-C6D9D3076AC2}.Debug|Any CPU.Build.0 = Debug|Any CPU
		{0FD6DC6D-A337-4601-B3A9-C6D9D3076AC2}.Release|Any CPU.ActiveCfg = Release|Any CPU
		{0FD6DC6D-A337-4601-B3A9-C6D9D3076AC2}.Release|Any CPU.Build.0 = Release|Any CPU
	EndGlobalSection
	GlobalSection(SolutionProperties) = preSolution
		HideSolutionNode = FALSE
	EndGlobalSection
	GlobalSection(ExtensibilityGlobals) = postSolution
		SolutionGuid = {C4357BC8-038D-488D-B48F-E79780F50B80}
	EndGlobalSection
EndGlobal
